// !$*UTF8*$!
{
	archiveVersion = 1;
	classes = {
	};
	objectVersion = 50;
	objects = {

/* Begin PBXBuildFile section */
		6D2BE0F58220917DD7FCC85B /* Pods_tesiLaureaEmoticron.framework in Frameworks */ = {isa = PBXBuildFile; fileRef = E10D0AC382A4191BF74591A9 /* Pods_tesiLaureaEmoticron.framework */; };
		7A8B7CD30657F5FC6D294FF5 /* Pods_tesiLaureaEmoticronTests.framework in Frameworks */ = {isa = PBXBuildFile; fileRef = 11B53D794346889F736A1F35 /* Pods_tesiLaureaEmoticronTests.framework */; };
		891C64B920C17C4600188374 /* PreviewViewController.m in Sources */ = {isa = PBXBuildFile; fileRef = 891C64B820C17C4600188374 /* PreviewViewController.m */; };
		891F9F5A2080DACC0024265E /* CameraViewControllerSwift.swift in Sources */ = {isa = PBXBuildFile; fileRef = 891F9F592080DACB0024265E /* CameraViewControllerSwift.swift */; };
		891F9F6A2080F7C50024265E /* DrawingUtility.m in Sources */ = {isa = PBXBuildFile; fileRef = 891F9F692080F7C50024265E /* DrawingUtility.m */; };
		891F9F6D2080F8930024265E /* CameraViewController.m in Sources */ = {isa = PBXBuildFile; fileRef = 891F9F6B2080F8930024265E /* CameraViewController.m */; };
		891F9F702080FC620024265E /* StickerCell.swift in Sources */ = {isa = PBXBuildFile; fileRef = 891F9F6F2080FC620024265E /* StickerCell.swift */; };
		891F9F742080FDFC0024265E /* CameraViewControllerExtension.swift in Sources */ = {isa = PBXBuildFile; fileRef = 891F9F732080FDFC0024265E /* CameraViewControllerExtension.swift */; };
		892C2B9D2086809F00FEA27E /* CameraViewControllerSwiftExtension.swift in Sources */ = {isa = PBXBuildFile; fileRef = 892C2B9C2086809F00FEA27E /* CameraViewControllerSwiftExtension.swift */; };
		89497C10207DF8F50091CEC8 /* FrameExtractor.swift in Sources */ = {isa = PBXBuildFile; fileRef = 89497C0F207DF8F50091CEC8 /* FrameExtractor.swift */; };
		897D4BA520AC207F00E5872F /* stickersDetails.txt in Resources */ = {isa = PBXBuildFile; fileRef = 897D4BA420AC207F00E5872F /* stickersDetails.txt */; };
		89860FD32074F29900491448 /* AppDelegate.swift in Sources */ = {isa = PBXBuildFile; fileRef = 89860FD22074F29900491448 /* AppDelegate.swift */; };
		89860FD82074F29900491448 /* Main.storyboard in Resources */ = {isa = PBXBuildFile; fileRef = 89860FD62074F29900491448 /* Main.storyboard */; };
		89860FDD2074F29900491448 /* LaunchScreen.storyboard in Resources */ = {isa = PBXBuildFile; fileRef = 89860FDB2074F29900491448 /* LaunchScreen.storyboard */; };
		89860FE82074F29A00491448 /* tesiLaureaEmoticronTests.swift in Sources */ = {isa = PBXBuildFile; fileRef = 89860FE72074F29A00491448 /* tesiLaureaEmoticronTests.swift */; };
		89860FF32074F29A00491448 /* tesiLaureaEmoticronUITests.swift in Sources */ = {isa = PBXBuildFile; fileRef = 89860FF22074F29A00491448 /* tesiLaureaEmoticronUITests.swift */; };
		89D646BB20878922008BBAC5 /* Sticker.m in Sources */ = {isa = PBXBuildFile; fileRef = 89D646BA20878922008BBAC5 /* Sticker.m */; };
		89D646BE2087C644008BBAC5 /* Assets.xcassets in Resources */ = {isa = PBXBuildFile; fileRef = 89D646BD2087C644008BBAC5 /* Assets.xcassets */; };
		F6CC34A6A3C4C7F72E573F12 /* Pods_tesiLaureaEmoticronUITests.framework in Frameworks */ = {isa = PBXBuildFile; fileRef = D4060F3D868F508332331821 /* Pods_tesiLaureaEmoticronUITests.framework */; };
/* End PBXBuildFile section */

/* Begin PBXContainerItemProxy section */
		89860FE42074F29A00491448 /* PBXContainerItemProxy */ = {
			isa = PBXContainerItemProxy;
			containerPortal = 89860FC72074F29900491448 /* Project object */;
			proxyType = 1;
			remoteGlobalIDString = 89860FCE2074F29900491448;
			remoteInfo = tesiLaureaEmoticron;
		};
		89860FEF2074F29A00491448 /* PBXContainerItemProxy */ = {
			isa = PBXContainerItemProxy;
			containerPortal = 89860FC72074F29900491448 /* Project object */;
			proxyType = 1;
			remoteGlobalIDString = 89860FCE2074F29900491448;
			remoteInfo = tesiLaureaEmoticron;
		};
/* End PBXContainerItemProxy section */

/* Begin PBXFileReference section */
		11B53D794346889F736A1F35 /* Pods_tesiLaureaEmoticronTests.framework */ = {isa = PBXFileReference; explicitFileType = wrapper.framework; includeInIndex = 0; path = Pods_tesiLaureaEmoticronTests.framework; sourceTree = BUILT_PRODUCTS_DIR; };
		28E9D4814A8B049700076B3F /* Pods-tesiLaureaEmoticronTests.debug.xcconfig */ = {isa = PBXFileReference; includeInIndex = 1; lastKnownFileType = text.xcconfig; name = "Pods-tesiLaureaEmoticronTests.debug.xcconfig"; path = "Pods/Target Support Files/Pods-tesiLaureaEmoticronTests/Pods-tesiLaureaEmoticronTests.debug.xcconfig"; sourceTree = "<group>"; };
		55385725BCAA0352992AD624 /* Pods-tesiLaureaEmoticronUITests.debug.xcconfig */ = {isa = PBXFileReference; includeInIndex = 1; lastKnownFileType = text.xcconfig; name = "Pods-tesiLaureaEmoticronUITests.debug.xcconfig"; path = "Pods/Target Support Files/Pods-tesiLaureaEmoticronUITests/Pods-tesiLaureaEmoticronUITests.debug.xcconfig"; sourceTree = "<group>"; };
		65169701865FD79AEF9375C5 /* Pods-tesiLaureaEmoticron.release.xcconfig */ = {isa = PBXFileReference; includeInIndex = 1; lastKnownFileType = text.xcconfig; name = "Pods-tesiLaureaEmoticron.release.xcconfig"; path = "Pods/Target Support Files/Pods-tesiLaureaEmoticron/Pods-tesiLaureaEmoticron.release.xcconfig"; sourceTree = "<group>"; };
		891C64B720C17C4600188374 /* PreviewViewController.h */ = {isa = PBXFileReference; lastKnownFileType = sourcecode.c.h; path = PreviewViewController.h; sourceTree = "<group>"; };
		891C64B820C17C4600188374 /* PreviewViewController.m */ = {isa = PBXFileReference; lastKnownFileType = sourcecode.c.objc; path = PreviewViewController.m; sourceTree = "<group>"; };
		891F9F592080DACB0024265E /* CameraViewControllerSwift.swift */ = {isa = PBXFileReference; fileEncoding = 4; lastKnownFileType = sourcecode.swift; path = CameraViewControllerSwift.swift; sourceTree = "<group>"; };
		891F9F672080F7C30024265E /* tesiLaureaEmoticron-Bridging-Header.h */ = {isa = PBXFileReference; lastKnownFileType = sourcecode.c.h; path = "tesiLaureaEmoticron-Bridging-Header.h"; sourceTree = "<group>"; };
		891F9F682080F7C40024265E /* DrawingUtility.h */ = {isa = PBXFileReference; fileEncoding = 4; lastKnownFileType = sourcecode.c.h; path = DrawingUtility.h; sourceTree = "<group>"; };
		891F9F692080F7C50024265E /* DrawingUtility.m */ = {isa = PBXFileReference; fileEncoding = 4; lastKnownFileType = sourcecode.c.objc; path = DrawingUtility.m; sourceTree = "<group>"; };
		891F9F6B2080F8930024265E /* CameraViewController.m */ = {isa = PBXFileReference; fileEncoding = 4; lastKnownFileType = sourcecode.c.objc; path = CameraViewController.m; sourceTree = "<group>"; wrapsLines = 0; };
		891F9F6C2080F8930024265E /* CameraViewController.h */ = {isa = PBXFileReference; fileEncoding = 4; lastKnownFileType = sourcecode.c.h; path = CameraViewController.h; sourceTree = "<group>"; };
		891F9F6F2080FC620024265E /* StickerCell.swift */ = {isa = PBXFileReference; lastKnownFileType = sourcecode.swift; path = StickerCell.swift; sourceTree = "<group>"; };
		891F9F732080FDFC0024265E /* CameraViewControllerExtension.swift */ = {isa = PBXFileReference; lastKnownFileType = sourcecode.swift; path = CameraViewControllerExtension.swift; sourceTree = "<group>"; };
		892C2B9C2086809F00FEA27E /* CameraViewControllerSwiftExtension.swift */ = {isa = PBXFileReference; lastKnownFileType = sourcecode.swift; path = CameraViewControllerSwiftExtension.swift; sourceTree = "<group>"; };
		89497C0F207DF8F50091CEC8 /* FrameExtractor.swift */ = {isa = PBXFileReference; lastKnownFileType = sourcecode.swift; path = FrameExtractor.swift; sourceTree = "<group>"; };
		897D4BA420AC207F00E5872F /* stickersDetails.txt */ = {isa = PBXFileReference; lastKnownFileType = text; path = stickersDetails.txt; sourceTree = "<group>"; };
		89860FCF2074F29900491448 /* tesiLaureaEmoticron.app */ = {isa = PBXFileReference; explicitFileType = wrapper.application; includeInIndex = 0; path = tesiLaureaEmoticron.app; sourceTree = BUILT_PRODUCTS_DIR; };
		89860FD22074F29900491448 /* AppDelegate.swift */ = {isa = PBXFileReference; lastKnownFileType = sourcecode.swift; path = AppDelegate.swift; sourceTree = "<group>"; };
		89860FD72074F29900491448 /* Base */ = {isa = PBXFileReference; lastKnownFileType = file.storyboard; name = Base; path = Base.lproj/Main.storyboard; sourceTree = "<group>"; };
		89860FDC2074F29900491448 /* Base */ = {isa = PBXFileReference; lastKnownFileType = file.storyboard; name = Base; path = Base.lproj/LaunchScreen.storyboard; sourceTree = "<group>"; };
		89860FDE2074F29900491448 /* Info.plist */ = {isa = PBXFileReference; lastKnownFileType = text.plist.xml; path = Info.plist; sourceTree = "<group>"; };
		89860FE32074F29A00491448 /* tesiLaureaEmoticronTests.xctest */ = {isa = PBXFileReference; explicitFileType = wrapper.cfbundle; includeInIndex = 0; path = tesiLaureaEmoticronTests.xctest; sourceTree = BUILT_PRODUCTS_DIR; };
		89860FE72074F29A00491448 /* tesiLaureaEmoticronTests.swift */ = {isa = PBXFileReference; lastKnownFileType = sourcecode.swift; path = tesiLaureaEmoticronTests.swift; sourceTree = "<group>"; };
		89860FE92074F29A00491448 /* Info.plist */ = {isa = PBXFileReference; lastKnownFileType = text.plist.xml; path = Info.plist; sourceTree = "<group>"; };
		89860FEE2074F29A00491448 /* tesiLaureaEmoticronUITests.xctest */ = {isa = PBXFileReference; explicitFileType = wrapper.cfbundle; includeInIndex = 0; path = tesiLaureaEmoticronUITests.xctest; sourceTree = BUILT_PRODUCTS_DIR; };
		89860FF22074F29A00491448 /* tesiLaureaEmoticronUITests.swift */ = {isa = PBXFileReference; lastKnownFileType = sourcecode.swift; path = tesiLaureaEmoticronUITests.swift; sourceTree = "<group>"; };
		89860FF42074F29A00491448 /* Info.plist */ = {isa = PBXFileReference; lastKnownFileType = text.plist.xml; path = Info.plist; sourceTree = "<group>"; };
		89D646BA20878922008BBAC5 /* Sticker.m */ = {isa = PBXFileReference; lastKnownFileType = sourcecode.c.objc; path = Sticker.m; sourceTree = "<group>"; };
		89D646BC2087894D008BBAC5 /* Sticker.h */ = {isa = PBXFileReference; lastKnownFileType = sourcecode.c.h; path = Sticker.h; sourceTree = "<group>"; };
		89D646BD2087C644008BBAC5 /* Assets.xcassets */ = {isa = PBXFileReference; lastKnownFileType = folder.assetcatalog; path = Assets.xcassets; sourceTree = "<group>"; };
		D38146FA99AD7459EABE6014 /* Pods-tesiLaureaEmoticronTests.release.xcconfig */ = {isa = PBXFileReference; includeInIndex = 1; lastKnownFileType = text.xcconfig; name = "Pods-tesiLaureaEmoticronTests.release.xcconfig"; path = "Pods/Target Support Files/Pods-tesiLaureaEmoticronTests/Pods-tesiLaureaEmoticronTests.release.xcconfig"; sourceTree = "<group>"; };
		D4060F3D868F508332331821 /* Pods_tesiLaureaEmoticronUITests.framework */ = {isa = PBXFileReference; explicitFileType = wrapper.framework; includeInIndex = 0; path = Pods_tesiLaureaEmoticronUITests.framework; sourceTree = BUILT_PRODUCTS_DIR; };
		DB52DAABB7517DF2F0D78DFE /* Pods-tesiLaureaEmoticronUITests.release.xcconfig */ = {isa = PBXFileReference; includeInIndex = 1; lastKnownFileType = text.xcconfig; name = "Pods-tesiLaureaEmoticronUITests.release.xcconfig"; path = "Pods/Target Support Files/Pods-tesiLaureaEmoticronUITests/Pods-tesiLaureaEmoticronUITests.release.xcconfig"; sourceTree = "<group>"; };
		E10D0AC382A4191BF74591A9 /* Pods_tesiLaureaEmoticron.framework */ = {isa = PBXFileReference; explicitFileType = wrapper.framework; includeInIndex = 0; path = Pods_tesiLaureaEmoticron.framework; sourceTree = BUILT_PRODUCTS_DIR; };
		FA3DFA691544CE1B60F00A49 /* Pods-tesiLaureaEmoticron.debug.xcconfig */ = {isa = PBXFileReference; includeInIndex = 1; lastKnownFileType = text.xcconfig; name = "Pods-tesiLaureaEmoticron.debug.xcconfig"; path = "Pods/Target Support Files/Pods-tesiLaureaEmoticron/Pods-tesiLaureaEmoticron.debug.xcconfig"; sourceTree = "<group>"; };
/* End PBXFileReference section */

/* Begin PBXFrameworksBuildPhase section */
		89860FCC2074F29900491448 /* Frameworks */ = {
			isa = PBXFrameworksBuildPhase;
			buildActionMask = 2147483647;
			files = (
				6D2BE0F58220917DD7FCC85B /* Pods_tesiLaureaEmoticron.framework in Frameworks */,
			);
			runOnlyForDeploymentPostprocessing = 0;
		};
		89860FE02074F29A00491448 /* Frameworks */ = {
			isa = PBXFrameworksBuildPhase;
			buildActionMask = 2147483647;
			files = (
				7A8B7CD30657F5FC6D294FF5 /* Pods_tesiLaureaEmoticronTests.framework in Frameworks */,
			);
			runOnlyForDeploymentPostprocessing = 0;
		};
		89860FEB2074F29A00491448 /* Frameworks */ = {
			isa = PBXFrameworksBuildPhase;
			buildActionMask = 2147483647;
			files = (
				F6CC34A6A3C4C7F72E573F12 /* Pods_tesiLaureaEmoticronUITests.framework in Frameworks */,
			);
			runOnlyForDeploymentPostprocessing = 0;
		};
/* End PBXFrameworksBuildPhase section */

/* Begin PBXGroup section */
		139DF260664F30A32F9046F2 /* Frameworks */ = {
			isa = PBXGroup;
			children = (
				E10D0AC382A4191BF74591A9 /* Pods_tesiLaureaEmoticron.framework */,
				11B53D794346889F736A1F35 /* Pods_tesiLaureaEmoticronTests.framework */,
				D4060F3D868F508332331821 /* Pods_tesiLaureaEmoticronUITests.framework */,
			);
			name = Frameworks;
			sourceTree = "<group>";
		};
		7775DB48D2022B223473FB00 /* Pods */ = {
			isa = PBXGroup;
			children = (
				FA3DFA691544CE1B60F00A49 /* Pods-tesiLaureaEmoticron.debug.xcconfig */,
				65169701865FD79AEF9375C5 /* Pods-tesiLaureaEmoticron.release.xcconfig */,
				28E9D4814A8B049700076B3F /* Pods-tesiLaureaEmoticronTests.debug.xcconfig */,
				D38146FA99AD7459EABE6014 /* Pods-tesiLaureaEmoticronTests.release.xcconfig */,
				55385725BCAA0352992AD624 /* Pods-tesiLaureaEmoticronUITests.debug.xcconfig */,
				DB52DAABB7517DF2F0D78DFE /* Pods-tesiLaureaEmoticronUITests.release.xcconfig */,
			);
			name = Pods;
			sourceTree = "<group>";
		};
		891F9F6E2080F92F0024265E /* Non usati */ = {
			isa = PBXGroup;
			children = (
				892C2B9C2086809F00FEA27E /* CameraViewControllerSwiftExtension.swift */,
				891F9F592080DACB0024265E /* CameraViewControllerSwift.swift */,
				89497C0F207DF8F50091CEC8 /* FrameExtractor.swift */,
			);
			path = "Non usati";
			sourceTree = "<group>";
		};
		894E793020B6A7C300BAF272 /* Model */ = {
			isa = PBXGroup;
			children = (
				891F9F672080F7C30024265E /* tesiLaureaEmoticron-Bridging-Header.h */,
				891F9F682080F7C40024265E /* DrawingUtility.h */,
				891F9F692080F7C50024265E /* DrawingUtility.m */,
				891F9F6F2080FC620024265E /* StickerCell.swift */,
				89D646BA20878922008BBAC5 /* Sticker.m */,
				89D646BC2087894D008BBAC5 /* Sticker.h */,
			);
			path = Model;
			sourceTree = "<group>";
		};
		894E793120B6A7F000BAF272 /* View */ = {
			isa = PBXGroup;
			children = (
				89860FD62074F29900491448 /* Main.storyboard */,
				89860FDB2074F29900491448 /* LaunchScreen.storyboard */,
			);
			path = View;
			sourceTree = "<group>";
		};
		894E793220B6A83E00BAF272 /* Controller */ = {
			isa = PBXGroup;
			children = (
				891F9F6C2080F8930024265E /* CameraViewController.h */,
				891F9F6B2080F8930024265E /* CameraViewController.m */,
				891F9F732080FDFC0024265E /* CameraViewControllerExtension.swift */,
				891C64B720C17C4600188374 /* PreviewViewController.h */,
				891C64B820C17C4600188374 /* PreviewViewController.m */,
			);
			path = Controller;
			sourceTree = "<group>";
		};
		894E793320B6A85900BAF272 /* Extra */ = {
			isa = PBXGroup;
			children = (
				89D646BD2087C644008BBAC5 /* Assets.xcassets */,
				89860FD22074F29900491448 /* AppDelegate.swift */,
				89860FDE2074F29900491448 /* Info.plist */,
				897D4BA420AC207F00E5872F /* stickersDetails.txt */,
			);
			path = Extra;
			sourceTree = "<group>";
		};
		89860FC62074F29900491448 = {
			isa = PBXGroup;
			children = (
				89860FD12074F29900491448 /* tesiLaureaEmoticron */,
				89860FE62074F29A00491448 /* tesiLaureaEmoticronTests */,
				89860FF12074F29A00491448 /* tesiLaureaEmoticronUITests */,
				89860FD02074F29900491448 /* Products */,
				7775DB48D2022B223473FB00 /* Pods */,
				139DF260664F30A32F9046F2 /* Frameworks */,
			);
			sourceTree = "<group>";
		};
		89860FD02074F29900491448 /* Products */ = {
			isa = PBXGroup;
			children = (
				89860FCF2074F29900491448 /* tesiLaureaEmoticron.app */,
				89860FE32074F29A00491448 /* tesiLaureaEmoticronTests.xctest */,
				89860FEE2074F29A00491448 /* tesiLaureaEmoticronUITests.xctest */,
			);
			name = Products;
			sourceTree = "<group>";
		};
		89860FD12074F29900491448 /* tesiLaureaEmoticron */ = {
			isa = PBXGroup;
			children = (
				894E793020B6A7C300BAF272 /* Model */,
				894E793120B6A7F000BAF272 /* View */,
				894E793220B6A83E00BAF272 /* Controller */,
				894E793320B6A85900BAF272 /* Extra */,
				891F9F6E2080F92F0024265E /* Non usati */,
			);
			path = tesiLaureaEmoticron;
			sourceTree = "<group>";
		};
		89860FE62074F29A00491448 /* tesiLaureaEmoticronTests */ = {
			isa = PBXGroup;
			children = (
				89860FE72074F29A00491448 /* tesiLaureaEmoticronTests.swift */,
				89860FE92074F29A00491448 /* Info.plist */,
			);
			path = tesiLaureaEmoticronTests;
			sourceTree = "<group>";
		};
		89860FF12074F29A00491448 /* tesiLaureaEmoticronUITests */ = {
			isa = PBXGroup;
			children = (
				89860FF22074F29A00491448 /* tesiLaureaEmoticronUITests.swift */,
				89860FF42074F29A00491448 /* Info.plist */,
			);
			path = tesiLaureaEmoticronUITests;
			sourceTree = "<group>";
		};
/* End PBXGroup section */

/* Begin PBXNativeTarget section */
		89860FCE2074F29900491448 /* tesiLaureaEmoticron */ = {
			isa = PBXNativeTarget;
			buildConfigurationList = 89860FF72074F29A00491448 /* Build configuration list for PBXNativeTarget "tesiLaureaEmoticron" */;
			buildPhases = (
				83C705C932D9577666151AA8 /* [CP] Check Pods Manifest.lock */,
				89860FCB2074F29900491448 /* Sources */,
				89860FCC2074F29900491448 /* Frameworks */,
				89860FCD2074F29900491448 /* Resources */,
				30E456CDC4A3100203F9C9ED /* [CP] Embed Pods Frameworks */,
				36D198512424D0CDD0AE535D /* [CP] Copy Pods Resources */,
			);
			buildRules = (
			);
			dependencies = (
			);
			name = tesiLaureaEmoticron;
			productName = tesiLaureaEmoticron;
			productReference = 89860FCF2074F29900491448 /* tesiLaureaEmoticron.app */;
			productType = "com.apple.product-type.application";
		};
		89860FE22074F29A00491448 /* tesiLaureaEmoticronTests */ = {
			isa = PBXNativeTarget;
			buildConfigurationList = 89860FFA2074F29A00491448 /* Build configuration list for PBXNativeTarget "tesiLaureaEmoticronTests" */;
			buildPhases = (
				221831ED8267B46EC8B1E9D8 /* [CP] Check Pods Manifest.lock */,
				89860FDF2074F29A00491448 /* Sources */,
				89860FE02074F29A00491448 /* Frameworks */,
				89860FE12074F29A00491448 /* Resources */,
				C118458949AC9F17097C959C /* [CP] Embed Pods Frameworks */,
				F8CA365E3783B0BF7BFB8E9D /* [CP] Copy Pods Resources */,
			);
			buildRules = (
			);
			dependencies = (
				89860FE52074F29A00491448 /* PBXTargetDependency */,
			);
			name = tesiLaureaEmoticronTests;
			productName = tesiLaureaEmoticronTests;
			productReference = 89860FE32074F29A00491448 /* tesiLaureaEmoticronTests.xctest */;
			productType = "com.apple.product-type.bundle.unit-test";
		};
		89860FED2074F29A00491448 /* tesiLaureaEmoticronUITests */ = {
			isa = PBXNativeTarget;
			buildConfigurationList = 89860FFD2074F29A00491448 /* Build configuration list for PBXNativeTarget "tesiLaureaEmoticronUITests" */;
			buildPhases = (
				D61B0C4CD176CD9FDA11E099 /* [CP] Check Pods Manifest.lock */,
				89860FEA2074F29A00491448 /* Sources */,
				89860FEB2074F29A00491448 /* Frameworks */,
				89860FEC2074F29A00491448 /* Resources */,
				8F0B86EC60C40E114C61B9CF /* [CP] Embed Pods Frameworks */,
				BBE7B75AC8D91B9BA4DED68D /* [CP] Copy Pods Resources */,
			);
			buildRules = (
			);
			dependencies = (
				89860FF02074F29A00491448 /* PBXTargetDependency */,
			);
			name = tesiLaureaEmoticronUITests;
			productName = tesiLaureaEmoticronUITests;
			productReference = 89860FEE2074F29A00491448 /* tesiLaureaEmoticronUITests.xctest */;
			productType = "com.apple.product-type.bundle.ui-testing";
		};
/* End PBXNativeTarget section */

/* Begin PBXProject section */
		89860FC72074F29900491448 /* Project object */ = {
			isa = PBXProject;
			attributes = {
				LastSwiftUpdateCheck = 0930;
				LastUpgradeCheck = 0930;
				ORGANIZATIONNAME = "Alessandro Marotta";
				TargetAttributes = {
					89860FCE2074F29900491448 = {
						CreatedOnToolsVersion = 9.3;
						LastSwiftMigration = 0930;
					};
					89860FE22074F29A00491448 = {
						CreatedOnToolsVersion = 9.3;
						TestTargetID = 89860FCE2074F29900491448;
					};
					89860FED2074F29A00491448 = {
						CreatedOnToolsVersion = 9.3;
						TestTargetID = 89860FCE2074F29900491448;
					};
				};
			};
			buildConfigurationList = 89860FCA2074F29900491448 /* Build configuration list for PBXProject "tesiLaureaEmoticron" */;
			compatibilityVersion = "Xcode 9.3";
			developmentRegion = en;
			hasScannedForEncodings = 0;
			knownRegions = (
				en,
				Base,
			);
			mainGroup = 89860FC62074F29900491448;
			productRefGroup = 89860FD02074F29900491448 /* Products */;
			projectDirPath = "";
			projectRoot = "";
			targets = (
				89860FCE2074F29900491448 /* tesiLaureaEmoticron */,
				89860FE22074F29A00491448 /* tesiLaureaEmoticronTests */,
				89860FED2074F29A00491448 /* tesiLaureaEmoticronUITests */,
			);
		};
/* End PBXProject section */

/* Begin PBXResourcesBuildPhase section */
		89860FCD2074F29900491448 /* Resources */ = {
			isa = PBXResourcesBuildPhase;
			buildActionMask = 2147483647;
			files = (
				89860FDD2074F29900491448 /* LaunchScreen.storyboard in Resources */,
				89D646BE2087C644008BBAC5 /* Assets.xcassets in Resources */,
				89860FD82074F29900491448 /* Main.storyboard in Resources */,
				897D4BA520AC207F00E5872F /* stickersDetails.txt in Resources */,
			);
			runOnlyForDeploymentPostprocessing = 0;
		};
		89860FE12074F29A00491448 /* Resources */ = {
			isa = PBXResourcesBuildPhase;
			buildActionMask = 2147483647;
			files = (
			);
			runOnlyForDeploymentPostprocessing = 0;
		};
		89860FEC2074F29A00491448 /* Resources */ = {
			isa = PBXResourcesBuildPhase;
			buildActionMask = 2147483647;
			files = (
			);
			runOnlyForDeploymentPostprocessing = 0;
		};
/* End PBXResourcesBuildPhase section */

/* Begin PBXShellScriptBuildPhase section */
		221831ED8267B46EC8B1E9D8 /* [CP] Check Pods Manifest.lock */ = {
			isa = PBXShellScriptBuildPhase;
			buildActionMask = 2147483647;
			files = (
			);
			inputPaths = (
				"${PODS_PODFILE_DIR_PATH}/Podfile.lock",
				"${PODS_ROOT}/Manifest.lock",
			);
			name = "[CP] Check Pods Manifest.lock";
			outputPaths = (
				"$(DERIVED_FILE_DIR)/Pods-tesiLaureaEmoticronTests-checkManifestLockResult.txt",
			);
			runOnlyForDeploymentPostprocessing = 0;
			shellPath = /bin/sh;
			shellScript = "diff \"${PODS_PODFILE_DIR_PATH}/Podfile.lock\" \"${PODS_ROOT}/Manifest.lock\" > /dev/null\nif [ $? != 0 ] ; then\n    # print error to STDERR\n    echo \"error: The sandbox is not in sync with the Podfile.lock. Run 'pod install' or update your CocoaPods installation.\" >&2\n    exit 1\nfi\n# This output is used by Xcode 'outputs' to avoid re-running this script phase.\necho \"SUCCESS\" > \"${SCRIPT_OUTPUT_FILE_0}\"\n";
			showEnvVarsInLog = 0;
		};
		30E456CDC4A3100203F9C9ED /* [CP] Embed Pods Frameworks */ = {
			isa = PBXShellScriptBuildPhase;
			buildActionMask = 2147483647;
			files = (
			);
			inputPaths = (
			);
			name = "[CP] Embed Pods Frameworks";
			outputPaths = (
			);
			runOnlyForDeploymentPostprocessing = 0;
			shellPath = /bin/sh;
			shellScript = "\"${SRCROOT}/Pods/Target Support Files/Pods-tesiLaureaEmoticron/Pods-tesiLaureaEmoticron-frameworks.sh\"\n";
			showEnvVarsInLog = 0;
		};
		36D198512424D0CDD0AE535D /* [CP] Copy Pods Resources */ = {
			isa = PBXShellScriptBuildPhase;
			buildActionMask = 2147483647;
			files = (
			);
			inputPaths = (
				"${SRCROOT}/Pods/Target Support Files/Pods-tesiLaureaEmoticron/Pods-tesiLaureaEmoticron-resources.sh",
				"${PODS_ROOT}/GoogleMobileVision/FaceDetector/Resources/BCLjoy_100.emd",
				"${PODS_ROOT}/GoogleMobileVision/FaceDetector/Resources/BCLlefteyeclosed_200.emd",
				"${PODS_ROOT}/GoogleMobileVision/FaceDetector/Resources/BCLrighteyeclosed_200.emd",
				"${PODS_ROOT}/GoogleMobileVision/FaceDetector/Resources/LMprec_600.emd",
				"${PODS_ROOT}/GoogleMobileVision/FaceDetector/Resources/MFTprec_202.emd",
				"${PODS_ROOT}/GoogleMobileVision/FaceDetector/Resources/PFFprec_702.emd",
			);
			name = "[CP] Copy Pods Resources";
			outputPaths = (
				"${TARGET_BUILD_DIR}/${UNLOCALIZED_RESOURCES_FOLDER_PATH}/BCLjoy_100.emd",
				"${TARGET_BUILD_DIR}/${UNLOCALIZED_RESOURCES_FOLDER_PATH}/BCLlefteyeclosed_200.emd",
				"${TARGET_BUILD_DIR}/${UNLOCALIZED_RESOURCES_FOLDER_PATH}/BCLrighteyeclosed_200.emd",
				"${TARGET_BUILD_DIR}/${UNLOCALIZED_RESOURCES_FOLDER_PATH}/LMprec_600.emd",
				"${TARGET_BUILD_DIR}/${UNLOCALIZED_RESOURCES_FOLDER_PATH}/MFTprec_202.emd",
				"${TARGET_BUILD_DIR}/${UNLOCALIZED_RESOURCES_FOLDER_PATH}/PFFprec_702.emd",
			);
			runOnlyForDeploymentPostprocessing = 0;
			shellPath = /bin/sh;
			shellScript = "\"${SRCROOT}/Pods/Target Support Files/Pods-tesiLaureaEmoticron/Pods-tesiLaureaEmoticron-resources.sh\"\n";
			showEnvVarsInLog = 0;
		};
		83C705C932D9577666151AA8 /* [CP] Check Pods Manifest.lock */ = {
			isa = PBXShellScriptBuildPhase;
			buildActionMask = 2147483647;
			files = (
			);
			inputPaths = (
				"${PODS_PODFILE_DIR_PATH}/Podfile.lock",
				"${PODS_ROOT}/Manifest.lock",
			);
			name = "[CP] Check Pods Manifest.lock";
			outputPaths = (
				"$(DERIVED_FILE_DIR)/Pods-tesiLaureaEmoticron-checkManifestLockResult.txt",
			);
			runOnlyForDeploymentPostprocessing = 0;
			shellPath = /bin/sh;
			shellScript = "diff \"${PODS_PODFILE_DIR_PATH}/Podfile.lock\" \"${PODS_ROOT}/Manifest.lock\" > /dev/null\nif [ $? != 0 ] ; then\n    # print error to STDERR\n    echo \"error: The sandbox is not in sync with the Podfile.lock. Run 'pod install' or update your CocoaPods installation.\" >&2\n    exit 1\nfi\n# This output is used by Xcode 'outputs' to avoid re-running this script phase.\necho \"SUCCESS\" > \"${SCRIPT_OUTPUT_FILE_0}\"\n";
			showEnvVarsInLog = 0;
		};
		8F0B86EC60C40E114C61B9CF /* [CP] Embed Pods Frameworks */ = {
			isa = PBXShellScriptBuildPhase;
			buildActionMask = 2147483647;
			files = (
			);
			inputPaths = (
			);
			name = "[CP] Embed Pods Frameworks";
			outputPaths = (
			);
			runOnlyForDeploymentPostprocessing = 0;
			shellPath = /bin/sh;
			shellScript = "\"${SRCROOT}/Pods/Target Support Files/Pods-tesiLaureaEmoticronUITests/Pods-tesiLaureaEmoticronUITests-frameworks.sh\"\n";
			showEnvVarsInLog = 0;
		};
		BBE7B75AC8D91B9BA4DED68D /* [CP] Copy Pods Resources */ = {
			isa = PBXShellScriptBuildPhase;
			buildActionMask = 2147483647;
			files = (
			);
			inputPaths = (
			);
			name = "[CP] Copy Pods Resources";
			outputPaths = (
			);
			runOnlyForDeploymentPostprocessing = 0;
			shellPath = /bin/sh;
			shellScript = "\"${SRCROOT}/Pods/Target Support Files/Pods-tesiLaureaEmoticronUITests/Pods-tesiLaureaEmoticronUITests-resources.sh\"\n";
			showEnvVarsInLog = 0;
		};
		C118458949AC9F17097C959C /* [CP] Embed Pods Frameworks */ = {
			isa = PBXShellScriptBuildPhase;
			buildActionMask = 2147483647;
			files = (
			);
			inputPaths = (
			);
			name = "[CP] Embed Pods Frameworks";
			outputPaths = (
			);
			runOnlyForDeploymentPostprocessing = 0;
			shellPath = /bin/sh;
			shellScript = "\"${SRCROOT}/Pods/Target Support Files/Pods-tesiLaureaEmoticronTests/Pods-tesiLaureaEmoticronTests-frameworks.sh\"\n";
			showEnvVarsInLog = 0;
		};
		D61B0C4CD176CD9FDA11E099 /* [CP] Check Pods Manifest.lock */ = {
			isa = PBXShellScriptBuildPhase;
			buildActionMask = 2147483647;
			files = (
			);
			inputPaths = (
				"${PODS_PODFILE_DIR_PATH}/Podfile.lock",
				"${PODS_ROOT}/Manifest.lock",
			);
			name = "[CP] Check Pods Manifest.lock";
			outputPaths = (
				"$(DERIVED_FILE_DIR)/Pods-tesiLaureaEmoticronUITests-checkManifestLockResult.txt",
			);
			runOnlyForDeploymentPostprocessing = 0;
			shellPath = /bin/sh;
			shellScript = "diff \"${PODS_PODFILE_DIR_PATH}/Podfile.lock\" \"${PODS_ROOT}/Manifest.lock\" > /dev/null\nif [ $? != 0 ] ; then\n    # print error to STDERR\n    echo \"error: The sandbox is not in sync with the Podfile.lock. Run 'pod install' or update your CocoaPods installation.\" >&2\n    exit 1\nfi\n# This output is used by Xcode 'outputs' to avoid re-running this script phase.\necho \"SUCCESS\" > \"${SCRIPT_OUTPUT_FILE_0}\"\n";
			showEnvVarsInLog = 0;
		};
		F8CA365E3783B0BF7BFB8E9D /* [CP] Copy Pods Resources */ = {
			isa = PBXShellScriptBuildPhase;
			buildActionMask = 2147483647;
			files = (
			);
			inputPaths = (
			);
			name = "[CP] Copy Pods Resources";
			outputPaths = (
			);
			runOnlyForDeploymentPostprocessing = 0;
			shellPath = /bin/sh;
			shellScript = "\"${SRCROOT}/Pods/Target Support Files/Pods-tesiLaureaEmoticronTests/Pods-tesiLaureaEmoticronTests-resources.sh\"\n";
			showEnvVarsInLog = 0;
		};
/* End PBXShellScriptBuildPhase section */

/* Begin PBXSourcesBuildPhase section */
		89860FCB2074F29900491448 /* Sources */ = {
			isa = PBXSourcesBuildPhase;
			buildActionMask = 2147483647;
			files = (
				891F9F742080FDFC0024265E /* CameraViewControllerExtension.swift in Sources */,
				891F9F6A2080F7C50024265E /* DrawingUtility.m in Sources */,
				89497C10207DF8F50091CEC8 /* FrameExtractor.swift in Sources */,
				891F9F6D2080F8930024265E /* CameraViewController.m in Sources */,
				89860FD32074F29900491448 /* AppDelegate.swift in Sources */,
				892C2B9D2086809F00FEA27E /* CameraViewControllerSwiftExtension.swift in Sources */,
				891F9F5A2080DACC0024265E /* CameraViewControllerSwift.swift in Sources */,
				891C64B920C17C4600188374 /* PreviewViewController.m in Sources */,
				891F9F702080FC620024265E /* StickerCell.swift in Sources */,
				89D646BB20878922008BBAC5 /* Sticker.m in Sources */,
			);
			runOnlyForDeploymentPostprocessing = 0;
		};
		89860FDF2074F29A00491448 /* Sources */ = {
			isa = PBXSourcesBuildPhase;
			buildActionMask = 2147483647;
			files = (
				89860FE82074F29A00491448 /* tesiLaureaEmoticronTests.swift in Sources */,
			);
			runOnlyForDeploymentPostprocessing = 0;
		};
		89860FEA2074F29A00491448 /* Sources */ = {
			isa = PBXSourcesBuildPhase;
			buildActionMask = 2147483647;
			files = (
				89860FF32074F29A00491448 /* tesiLaureaEmoticronUITests.swift in Sources */,
			);
			runOnlyForDeploymentPostprocessing = 0;
		};
/* End PBXSourcesBuildPhase section */

/* Begin PBXTargetDependency section */
		89860FE52074F29A00491448 /* PBXTargetDependency */ = {
			isa = PBXTargetDependency;
			target = 89860FCE2074F29900491448 /* tesiLaureaEmoticron */;
			targetProxy = 89860FE42074F29A00491448 /* PBXContainerItemProxy */;
		};
		89860FF02074F29A00491448 /* PBXTargetDependency */ = {
			isa = PBXTargetDependency;
			target = 89860FCE2074F29900491448 /* tesiLaureaEmoticron */;
			targetProxy = 89860FEF2074F29A00491448 /* PBXContainerItemProxy */;
		};
/* End PBXTargetDependency section */

/* Begin PBXVariantGroup section */
		89860FD62074F29900491448 /* Main.storyboard */ = {
			isa = PBXVariantGroup;
			children = (
				89860FD72074F29900491448 /* Base */,
			);
			name = Main.storyboard;
			sourceTree = "<group>";
		};
		89860FDB2074F29900491448 /* LaunchScreen.storyboard */ = {
			isa = PBXVariantGroup;
			children = (
				89860FDC2074F29900491448 /* Base */,
			);
			name = LaunchScreen.storyboard;
			sourceTree = "<group>";
		};
/* End PBXVariantGroup section */

/* Begin XCBuildConfiguration section */
		89860FF52074F29A00491448 /* Debug */ = {
			isa = XCBuildConfiguration;
			buildSettings = {
				ALWAYS_SEARCH_USER_PATHS = NO;
				CLANG_ANALYZER_NONNULL = YES;
				CLANG_ANALYZER_NUMBER_OBJECT_CONVERSION = YES_AGGRESSIVE;
				CLANG_CXX_LANGUAGE_STANDARD = "gnu++14";
				CLANG_CXX_LIBRARY = "libc++";
				CLANG_ENABLE_MODULES = YES;
				CLANG_ENABLE_OBJC_ARC = YES;
				CLANG_ENABLE_OBJC_WEAK = YES;
				CLANG_WARN_BLOCK_CAPTURE_AUTORELEASING = YES;
				CLANG_WARN_BOOL_CONVERSION = YES;
				CLANG_WARN_COMMA = YES;
				CLANG_WARN_CONSTANT_CONVERSION = YES;
				CLANG_WARN_DEPRECATED_OBJC_IMPLEMENTATIONS = YES;
				CLANG_WARN_DIRECT_OBJC_ISA_USAGE = YES_ERROR;
				CLANG_WARN_DOCUMENTATION_COMMENTS = YES;
				CLANG_WARN_EMPTY_BODY = YES;
				CLANG_WARN_ENUM_CONVERSION = YES;
				CLANG_WARN_INFINITE_RECURSION = YES;
				CLANG_WARN_INT_CONVERSION = YES;
				CLANG_WARN_NON_LITERAL_NULL_CONVERSION = YES;
				CLANG_WARN_OBJC_IMPLICIT_RETAIN_SELF = YES;
				CLANG_WARN_OBJC_LITERAL_CONVERSION = YES;
				CLANG_WARN_OBJC_ROOT_CLASS = YES_ERROR;
				CLANG_WARN_RANGE_LOOP_ANALYSIS = YES;
				CLANG_WARN_STRICT_PROTOTYPES = YES;
				CLANG_WARN_SUSPICIOUS_MOVE = YES;
				CLANG_WARN_UNGUARDED_AVAILABILITY = YES_AGGRESSIVE;
				CLANG_WARN_UNREACHABLE_CODE = YES;
				CLANG_WARN__DUPLICATE_METHOD_MATCH = YES;
				CODE_SIGN_IDENTITY = "iPhone Developer";
				COPY_PHASE_STRIP = NO;
				DEBUG_INFORMATION_FORMAT = dwarf;
				ENABLE_STRICT_OBJC_MSGSEND = YES;
				ENABLE_TESTABILITY = YES;
				GCC_C_LANGUAGE_STANDARD = gnu11;
				GCC_DYNAMIC_NO_PIC = NO;
				GCC_NO_COMMON_BLOCKS = YES;
				GCC_OPTIMIZATION_LEVEL = 0;
				GCC_PREPROCESSOR_DEFINITIONS = (
					"DEBUG=1",
					"$(inherited)",
				);
				GCC_WARN_64_TO_32_BIT_CONVERSION = YES;
				GCC_WARN_ABOUT_RETURN_TYPE = YES_ERROR;
				GCC_WARN_UNDECLARED_SELECTOR = YES;
				GCC_WARN_UNINITIALIZED_AUTOS = YES_AGGRESSIVE;
				GCC_WARN_UNUSED_FUNCTION = YES;
				GCC_WARN_UNUSED_VARIABLE = YES;
				IPHONEOS_DEPLOYMENT_TARGET = 11.3;
				MTL_ENABLE_DEBUG_INFO = YES;
				ONLY_ACTIVE_ARCH = YES;
				SDKROOT = iphoneos;
				SWIFT_ACTIVE_COMPILATION_CONDITIONS = DEBUG;
				SWIFT_OPTIMIZATION_LEVEL = "-Onone";
			};
			name = Debug;
		};
		89860FF62074F29A00491448 /* Release */ = {
			isa = XCBuildConfiguration;
			buildSettings = {
				ALWAYS_SEARCH_USER_PATHS = NO;
				CLANG_ANALYZER_NONNULL = YES;
				CLANG_ANALYZER_NUMBER_OBJECT_CONVERSION = YES_AGGRESSIVE;
				CLANG_CXX_LANGUAGE_STANDARD = "gnu++14";
				CLANG_CXX_LIBRARY = "libc++";
				CLANG_ENABLE_MODULES = YES;
				CLANG_ENABLE_OBJC_ARC = YES;
				CLANG_ENABLE_OBJC_WEAK = YES;
				CLANG_WARN_BLOCK_CAPTURE_AUTORELEASING = YES;
				CLANG_WARN_BOOL_CONVERSION = YES;
				CLANG_WARN_COMMA = YES;
				CLANG_WARN_CONSTANT_CONVERSION = YES;
				CLANG_WARN_DEPRECATED_OBJC_IMPLEMENTATIONS = YES;
				CLANG_WARN_DIRECT_OBJC_ISA_USAGE = YES_ERROR;
				CLANG_WARN_DOCUMENTATION_COMMENTS = YES;
				CLANG_WARN_EMPTY_BODY = YES;
				CLANG_WARN_ENUM_CONVERSION = YES;
				CLANG_WARN_INFINITE_RECURSION = YES;
				CLANG_WARN_INT_CONVERSION = YES;
				CLANG_WARN_NON_LITERAL_NULL_CONVERSION = YES;
				CLANG_WARN_OBJC_IMPLICIT_RETAIN_SELF = YES;
				CLANG_WARN_OBJC_LITERAL_CONVERSION = YES;
				CLANG_WARN_OBJC_ROOT_CLASS = YES_ERROR;
				CLANG_WARN_RANGE_LOOP_ANALYSIS = YES;
				CLANG_WARN_STRICT_PROTOTYPES = YES;
				CLANG_WARN_SUSPICIOUS_MOVE = YES;
				CLANG_WARN_UNGUARDED_AVAILABILITY = YES_AGGRESSIVE;
				CLANG_WARN_UNREACHABLE_CODE = YES;
				CLANG_WARN__DUPLICATE_METHOD_MATCH = YES;
				CODE_SIGN_IDENTITY = "iPhone Developer";
				COPY_PHASE_STRIP = NO;
				DEBUG_INFORMATION_FORMAT = "dwarf-with-dsym";
				ENABLE_NS_ASSERTIONS = NO;
				ENABLE_STRICT_OBJC_MSGSEND = YES;
				GCC_C_LANGUAGE_STANDARD = gnu11;
				GCC_NO_COMMON_BLOCKS = YES;
				GCC_WARN_64_TO_32_BIT_CONVERSION = YES;
				GCC_WARN_ABOUT_RETURN_TYPE = YES_ERROR;
				GCC_WARN_UNDECLARED_SELECTOR = YES;
				GCC_WARN_UNINITIALIZED_AUTOS = YES_AGGRESSIVE;
				GCC_WARN_UNUSED_FUNCTION = YES;
				GCC_WARN_UNUSED_VARIABLE = YES;
				IPHONEOS_DEPLOYMENT_TARGET = 11.3;
				MTL_ENABLE_DEBUG_INFO = NO;
				SDKROOT = iphoneos;
				SWIFT_COMPILATION_MODE = wholemodule;
				SWIFT_OPTIMIZATION_LEVEL = "-O";
				VALIDATE_PRODUCT = YES;
			};
			name = Release;
		};
		89860FF82074F29A00491448 /* Debug */ = {
			isa = XCBuildConfiguration;
			baseConfigurationReference = FA3DFA691544CE1B60F00A49 /* Pods-tesiLaureaEmoticron.debug.xcconfig */;
			buildSettings = {
				ASSETCATALOG_COMPILER_APPICON_NAME = AppIcon;
				CLANG_ENABLE_MODULES = YES;
				CODE_SIGN_STYLE = Automatic;
				DEVELOPMENT_TEAM = B5D957X72Q;
				INFOPLIST_FILE = tesiLaureaEmoticron/Extra/Info.plist;
				LD_RUNPATH_SEARCH_PATHS = (
					"$(inherited)",
					"@executable_path/Frameworks",
				);
				PRODUCT_BUNDLE_IDENTIFIER = com.aleluigimar.tesiLaureaEmoticron;
				PRODUCT_NAME = "$(TARGET_NAME)";
				SWIFT_OBJC_BRIDGING_HEADER = "tesiLaureaEmoticron/Model/tesiLaureaEmoticron-Bridging-Header.h";
				SWIFT_OPTIMIZATION_LEVEL = "-Onone";
				SWIFT_VERSION = 4.0;
				TARGETED_DEVICE_FAMILY = "1,2";
			};
			name = Debug;
		};
		89860FF92074F29A00491448 /* Release */ = {
			isa = XCBuildConfiguration;
			baseConfigurationReference = 65169701865FD79AEF9375C5 /* Pods-tesiLaureaEmoticron.release.xcconfig */;
			buildSettings = {
				ASSETCATALOG_COMPILER_APPICON_NAME = AppIcon;
				CLANG_ENABLE_MODULES = YES;
				CODE_SIGN_STYLE = Automatic;
				DEVELOPMENT_TEAM = B5D957X72Q;
				INFOPLIST_FILE = tesiLaureaEmoticron/Extra/Info.plist;
				LD_RUNPATH_SEARCH_PATHS = (
					"$(inherited)",
					"@executable_path/Frameworks",
				);
				PRODUCT_BUNDLE_IDENTIFIER = com.aleluigimar.tesiLaureaEmoticron;
				PRODUCT_NAME = "$(TARGET_NAME)";
				SWIFT_OBJC_BRIDGING_HEADER = "tesiLaureaEmoticron/Model/tesiLaureaEmoticron-Bridging-Header.h";
				SWIFT_VERSION = 4.0;
				TARGETED_DEVICE_FAMILY = "1,2";
			};
			name = Release;
		};
		89860FFB2074F29A00491448 /* Debug */ = {
			isa = XCBuildConfiguration;
			baseConfigurationReference = 28E9D4814A8B049700076B3F /* Pods-tesiLaureaEmoticronTests.debug.xcconfig */;
			buildSettings = {
				ALWAYS_EMBED_SWIFT_STANDARD_LIBRARIES = YES;
				BUNDLE_LOADER = "$(TEST_HOST)";
				CODE_SIGN_STYLE = Automatic;
				DEVELOPMENT_TEAM = B5D957X72Q;
				INFOPLIST_FILE = tesiLaureaEmoticronTests/Info.plist;
				LD_RUNPATH_SEARCH_PATHS = (
					"$(inherited)",
					"@executable_path/Frameworks",
					"@loader_path/Frameworks",
				);
				PRODUCT_BUNDLE_IDENTIFIER = com.aleluigimar.tesiLaureaEmoticronTests;
				PRODUCT_NAME = "$(TARGET_NAME)";
				SWIFT_VERSION = 4.0;
				TARGETED_DEVICE_FAMILY = "1,2";
				TEST_HOST = "$(BUILT_PRODUCTS_DIR)/tesiLaureaEmoticron.app/tesiLaureaEmoticron";
			};
			name = Debug;
		};
		89860FFC2074F29A00491448 /* Release */ = {
			isa = XCBuildConfiguration;
			baseConfigurationReference = D38146FA99AD7459EABE6014 /* Pods-tesiLaureaEmoticronTests.release.xcconfig */;
			buildSettings = {
				ALWAYS_EMBED_SWIFT_STANDARD_LIBRARIES = YES;
				BUNDLE_LOADER = "$(TEST_HOST)";
				CODE_SIGN_STYLE = Automatic;
				DEVELOPMENT_TEAM = B5D957X72Q;
				INFOPLIST_FILE = tesiLaureaEmoticronTests/Info.plist;
				LD_RUNPATH_SEARCH_PATHS = (
					"$(inherited)",
					"@executable_path/Frameworks",
					"@loader_path/Frameworks",
				);
				PRODUCT_BUNDLE_IDENTIFIER = com.aleluigimar.tesiLaureaEmoticronTests;
				PRODUCT_NAME = "$(TARGET_NAME)";
				SWIFT_VERSION = 4.0;
				TARGETED_DEVICE_FAMILY = "1,2";
				TEST_HOST = "$(BUILT_PRODUCTS_DIR)/tesiLaureaEmoticron.app/tesiLaureaEmoticron";
			};
			name = Release;
		};
		89860FFE2074F29A00491448 /* Debug */ = {
			isa = XCBuildConfiguration;
			baseConfigurationReference = 55385725BCAA0352992AD624 /* Pods-tesiLaureaEmoticronUITests.debug.xcconfig */;
			buildSettings = {
				ALWAYS_EMBED_SWIFT_STANDARD_LIBRARIES = YES;
				CODE_SIGN_STYLE = Automatic;
				DEVELOPMENT_TEAM = B5D957X72Q;
				INFOPLIST_FILE = tesiLaureaEmoticronUITests/Info.plist;
				LD_RUNPATH_SEARCH_PATHS = (
					"$(inherited)",
					"@executable_path/Frameworks",
					"@loader_path/Frameworks",
				);
				PRODUCT_BUNDLE_IDENTIFIER = com.aleluigimar.tesiLaureaEmoticronUITests;
				PRODUCT_NAME = "$(TARGET_NAME)";
				SWIFT_VERSION = 4.0;
				TARGETED_DEVICE_FAMILY = "1,2";
				TEST_TARGET_NAME = tesiLaureaEmoticron;
			};
			name = Debug;
		};
		89860FFF2074F29A00491448 /* Release */ = {
			isa = XCBuildConfiguration;
			baseConfigurationReference = DB52DAABB7517DF2F0D78DFE /* Pods-tesiLaureaEmoticronUITests.release.xcconfig */;
			buildSettings = {
				ALWAYS_EMBED_SWIFT_STANDARD_LIBRARIES = YES;
				CODE_SIGN_STYLE = Automatic;
				DEVELOPMENT_TEAM = B5D957X72Q;
				INFOPLIST_FILE = tesiLaureaEmoticronUITests/Info.plist;
				LD_RUNPATH_SEARCH_PATHS = (
					"$(inherited)",
					"@executable_path/Frameworks",
					"@loader_path/Frameworks",
				);
				PRODUCT_BUNDLE_IDENTIFIER = com.aleluigimar.tesiLaureaEmoticronUITests;
				PRODUCT_NAME = "$(TARGET_NAME)";
				SWIFT_VERSION = 4.0;
				TARGETED_DEVICE_FAMILY = "1,2";
				TEST_TARGET_NAME = tesiLaureaEmoticron;
			};
			name = Release;
		};
/* End XCBuildConfiguration section */

/* Begin XCConfigurationList section */
		89860FCA2074F29900491448 /* Build configuration list for PBXProject "tesiLaureaEmoticron" */ = {
			isa = XCConfigurationList;
			buildConfigurations = (
				89860FF52074F29A00491448 /* Debug */,
				89860FF62074F29A00491448 /* Release */,
			);
			defaultConfigurationIsVisible = 0;
			defaultConfigurationName = Release;
		};
		89860FF72074F29A00491448 /* Build configuration list for PBXNativeTarget "tesiLaureaEmoticron" */ = {
			isa = XCConfigurationList;
			buildConfigurations = (
				89860FF82074F29A00491448 /* Debug */,
				89860FF92074F29A00491448 /* Release */,
			);
			defaultConfigurationIsVisible = 0;
			defaultConfigurationName = Release;
		};
		89860FFA2074F29A00491448 /* Build configuration list for PBXNativeTarget "tesiLaureaEmoticronTests" */ = {
			isa = XCConfigurationList;
			buildConfigurations = (
				89860FFB2074F29A00491448 /* Debug */,
				89860FFC2074F29A00491448 /* Release */,
			);
			defaultConfigurationIsVisible = 0;
			defaultConfigurationName = Release;
		};
		89860FFD2074F29A00491448 /* Build configuration list for PBXNativeTarget "tesiLaureaEmoticronUITests" */ = {
			isa = XCConfigurationList;
			buildConfigurations = (
				89860FFE2074F29A00491448 /* Debug */,
				89860FFF2074F29A00491448 /* Release */,
			);
			defaultConfigurationIsVisible = 0;
			defaultConfigurationName = Release;
		};
/* End XCConfigurationList section */
	};
	rootObject = 89860FC72074F29900491448 /* Project object */;
}
